
Microsoft Visual Studio Solution File, Format Version 12.00
# Visual Studio Version 17
VisualStudioVersion = 17.9.34728.123
MinimumVisualStudioVersion = 10.0.40219.1
Project("{FAE04EC0-301F-11D3-BF4B-00C04F79EFBC}") = "Lista2ex11", "Lista2ex11\Lista2ex11.csproj", "{2F1BBE05-B73D-4FE0-93F2-0A361E890A96}"
EndProject
Global
	GlobalSection(SolutionConfigurationPlatforms) = preSolution
		Debug|Any CPU = Debug|Any CPU
		Release|Any CPU = Release|Any CPU
	EndGlobalSection
	GlobalSection(ProjectConfigurationPlatforms) = postSolution
		{2F1BBE05-B73D-4FE0-93F2-0A361E890A96}.Debug|Any CPU.ActiveCfg = Debug|Any CPU
		{2F1BBE05-B73D-4FE0-93F2-0A361E890A96}.Debug|Any CPU.Build.0 = Debug|Any CPU
		{2F1BBE05-B73D-4FE0-93F2-0A361E890A96}.Release|Any CPU.ActiveCfg = Release|Any CPU
		{2F1BBE05-B73D-4FE0-93F2-0A361E890A96}.Release|Any CPU.Build.0 = Release|Any CPU
	EndGlobalSection
	GlobalSection(SolutionProperties) = preSolution
		HideSolutionNode = FALSE
	EndGlobalSection
	GlobalSection(ExtensibilityGlobals) = postSolution
		SolutionGuid = {EA68ABE8-5840-4670-9F9A-EF85B98D63D1}
	EndGlobalSection
EndGlobal
